{
  "name": "fox-hole",
  "version": "1.0.0",
  "lockfileVersion": 1,
  "requires": true,
  "dependencies": {
    "jquery": {
      "version": "2.1.0",
      "resolved": "https://registry.npmjs.org/jquery/-/jquery-2.1.0.tgz",
      "integrity": "sha1-HJqMlx0rU9rhDXLhbLtaHfFqSs4="
    },
    "phaser": {
      "version": "2.1.0",
      "resolved": "http://registry.npmjs.org/phaser/-/phaser-2.1.0.tgz",
      "integrity": "sha1-oMi+w7AokD8Pkp73F9S1H/TnMbE="
    },
    "prettier": {
      "version": "1.14.3",
      "resolved": "https://registry.npmjs.org/prettier/-/prettier-1.14.3.tgz",
      "integrity": "sha512-qZDVnCrnpsRJJq5nSsiHCE3BYMED2OtsI+cmzIzF1QIfqm5ALf8tEJcO27zV1gKNKRPdhjO0dNWnrzssDQ1tFg=="
    },
    "storejs": {
      "version": "1.0.2",
      "resolved": "http://registry.npmjs.org/storejs/-/storejs-1.0.2.tgz",
      "integrity": "sha1-uC7uQFsEUB5LzhmluxPWCrAqZ0c="
    }
  }
}
